// !$*UTF8*$!
{
	archiveVersion = 1;
	classes = {
	};
	objectVersion = 55;
	objects = {

/* Begin PBXBuildFile section */
		2236A0422808349000F54EFD /* AppDelegate.swift in Sources */ = {isa = PBXBuildFile; fileRef = 2236A0412808349000F54EFD /* AppDelegate.swift */; };
		2236A0442808349000F54EFD /* SceneDelegate.swift in Sources */ = {isa = PBXBuildFile; fileRef = 2236A0432808349000F54EFD /* SceneDelegate.swift */; };
		2236A0492808349000F54EFD /* Main.storyboard in Resources */ = {isa = PBXBuildFile; fileRef = 2236A0472808349000F54EFD /* Main.storyboard */; };
		2236A04B2808349200F54EFD /* Assets.xcassets in Resources */ = {isa = PBXBuildFile; fileRef = 2236A04A2808349200F54EFD /* Assets.xcassets */; };
		2236A04E2808349200F54EFD /* LaunchScreen.storyboard in Resources */ = {isa = PBXBuildFile; fileRef = 2236A04C2808349200F54EFD /* LaunchScreen.storyboard */; };
		2236A05B280837B300F54EFD /* Person.swift in Sources */ = {isa = PBXBuildFile; fileRef = 2236A05A280837B300F54EFD /* Person.swift */; };
		2236A05D280838D600F54EFD /* PersonsListTableViewController.swift in Sources */ = {isa = PBXBuildFile; fileRef = 2236A05C280838D600F54EFD /* PersonsListTableViewController.swift */; };
		2236A05F2808390C00F54EFD /* DetailsViewController.swift in Sources */ = {isa = PBXBuildFile; fileRef = 2236A05E2808390C00F54EFD /* DetailsViewController.swift */; };
		2236A06128083BEA00F54EFD /* DataManager.swift in Sources */ = {isa = PBXBuildFile; fileRef = 2236A06028083BEA00F54EFD /* DataManager.swift */; };
		2236A063280840A800F54EFD /* ListOfPersonsBarController.swift in Sources */ = {isa = PBXBuildFile; fileRef = 2236A062280840A800F54EFD /* ListOfPersonsBarController.swift */; };
		2236A0652808606800F54EFD /* PersonsListSecondTableViewController.swift in Sources */ = {isa = PBXBuildFile; fileRef = 2236A0642808606800F54EFD /* PersonsListSecondTableViewController.swift */; };
/* End PBXBuildFile section */

/* Begin PBXFileReference section */
		2236A03E2808349000F54EFD /* HW2.7.1.app */ = {isa = PBXFileReference; explicitFileType = wrapper.application; includeInIndex = 0; path = HW2.7.1.app; sourceTree = BUILT_PRODUCTS_DIR; };
		2236A0412808349000F54EFD /* AppDelegate.swift */ = {isa = PBXFileReference; lastKnownFileType = sourcecode.swift; path = AppDelegate.swift; sourceTree = "<group>"; };
		2236A0432808349000F54EFD /* SceneDelegate.swift */ = {isa = PBXFileReference; lastKnownFileType = sourcecode.swift; path = SceneDelegate.swift; sourceTree = "<group>"; };
		2236A0482808349000F54EFD /* Base */ = {isa = PBXFileReference; lastKnownFileType = file.storyboard; name = Base; path = Base.lproj/Main.storyboard; sourceTree = "<group>"; };
		2236A04A2808349200F54EFD /* Assets.xcassets */ = {isa = PBXFileReference; lastKnownFileType = folder.assetcatalog; path = Assets.xcassets; sourceTree = "<group>"; };
		2236A04D2808349200F54EFD /* Base */ = {isa = PBXFileReference; lastKnownFileType = file.storyboard; name = Base; path = Base.lproj/LaunchScreen.storyboard; sourceTree = "<group>"; };
		2236A04F2808349200F54EFD /* Info.plist */ = {isa = PBXFileReference; lastKnownFileType = text.plist.xml; path = Info.plist; sourceTree = "<group>"; };
		2236A05A280837B300F54EFD /* Person.swift */ = {isa = PBXFileReference; lastKnownFileType = sourcecode.swift; path = Person.swift; sourceTree = "<group>"; };
		2236A05C280838D600F54EFD /* PersonsListTableViewController.swift */ = {isa = PBXFileReference; lastKnownFileType = sourcecode.swift; path = PersonsListTableViewController.swift; sourceTree = "<group>"; };
		2236A05E2808390C00F54EFD /* DetailsViewController.swift */ = {isa = PBXFileReference; lastKnownFileType = sourcecode.swift; path = DetailsViewController.swift; sourceTree = "<group>"; };
		2236A06028083BEA00F54EFD /* DataManager.swift */ = {isa = PBXFileReference; lastKnownFileType = sourcecode.swift; path = DataManager.swift; sourceTree = "<group>"; };
		2236A062280840A800F54EFD /* ListOfPersonsBarController.swift */ = {isa = PBXFileReference; lastKnownFileType = sourcecode.swift; path = ListOfPersonsBarController.swift; sourceTree = "<group>"; };
		2236A0642808606800F54EFD /* PersonsListSecondTableViewController.swift */ = {isa = PBXFileReference; lastKnownFileType = sourcecode.swift; path = PersonsListSecondTableViewController.swift; sourceTree = "<group>"; };
/* End PBXFileReference section */

/* Begin PBXFrameworksBuildPhase section */
		2236A03B2808349000F54EFD /* Frameworks */ = {
			isa = PBXFrameworksBuildPhase;
			buildActionMask = 2147483647;
			files = (
			);
			runOnlyForDeploymentPostprocessing = 0;
		};
/* End PBXFrameworksBuildPhase section */

/* Begin PBXGroup section */
		2236A0352808349000F54EFD = {
			isa = PBXGroup;
			children = (
				2236A0402808349000F54EFD /* HW2.7.1 */,
				2236A03F2808349000F54EFD /* Products */,
			);
			sourceTree = "<group>";
		};
		2236A03F2808349000F54EFD /* Products */ = {
			isa = PBXGroup;
			children = (
				2236A03E2808349000F54EFD /* HW2.7.1.app */,
			);
			name = Products;
			sourceTree = "<group>";
		};
		2236A0402808349000F54EFD /* HW2.7.1 */ = {
			isa = PBXGroup;
			children = (
				2236A0592808351100F54EFD /* Models */,
				2236A0582808350500F54EFD /* Views */,
				2236A057280834FA00F54EFD /* Controllers */,
				2236A056280834ED00F54EFD /* Assets */,
				2236A055280834C400F54EFD /* Support */,
			);
			path = HW2.7.1;
			sourceTree = "<group>";
		};
		2236A055280834C400F54EFD /* Support */ = {
			isa = PBXGroup;
			children = (
				2236A0432808349000F54EFD /* SceneDelegate.swift */,
				2236A0412808349000F54EFD /* AppDelegate.swift */,
				2236A04F2808349200F54EFD /* Info.plist */,
			);
			path = Support;
			sourceTree = "<group>";
		};
		2236A056280834ED00F54EFD /* Assets */ = {
			isa = PBXGroup;
			children = (
				2236A04A2808349200F54EFD /* Assets.xcassets */,
			);
			path = Assets;
			sourceTree = "<group>";
		};
		2236A057280834FA00F54EFD /* Controllers */ = {
			isa = PBXGroup;
			children = (
				2236A062280840A800F54EFD /* ListOfPersonsBarController.swift */,
				2236A05C280838D600F54EFD /* PersonsListTableViewController.swift */,
				2236A05E2808390C00F54EFD /* DetailsViewController.swift */,
				2236A0642808606800F54EFD /* PersonsListSecondTableViewController.swift */,
			);
			path = Controllers;
			sourceTree = "<group>";
		};
		2236A0582808350500F54EFD /* Views */ = {
			isa = PBXGroup;
			children = (
				2236A04C2808349200F54EFD /* LaunchScreen.storyboard */,
				2236A0472808349000F54EFD /* Main.storyboard */,
			);
			path = Views;
			sourceTree = "<group>";
		};
		2236A0592808351100F54EFD /* Models */ = {
			isa = PBXGroup;
			children = (
				2236A05A280837B300F54EFD /* Person.swift */,
				2236A06028083BEA00F54EFD /* DataManager.swift */,
			);
			path = Models;
			sourceTree = "<group>";
		};
/* End PBXGroup section */

/* Begin PBXNativeTarget section */
		2236A03D2808349000F54EFD /* HW2.7.1 */ = {
			isa = PBXNativeTarget;
			buildConfigurationList = 2236A0522808349200F54EFD /* Build configuration list for PBXNativeTarget "HW2.7.1" */;
			buildPhases = (
				2236A03A2808349000F54EFD /* Sources */,
				2236A03B2808349000F54EFD /* Frameworks */,
				2236A03C2808349000F54EFD /* Resources */,
			);
			buildRules = (
			);
			dependencies = (
			);
			name = HW2.7.1;
			productName = HW2.7.1;
			productReference = 2236A03E2808349000F54EFD /* HW2.7.1.app */;
			productType = "com.apple.product-type.application";
		};
/* End PBXNativeTarget section */

/* Begin PBXProject section */
		2236A0362808349000F54EFD /* Project object */ = {
			isa = PBXProject;
			attributes = {
				BuildIndependentTargetsInParallel = 1;
				LastSwiftUpdateCheck = 1330;
				LastUpgradeCheck = 1330;
				TargetAttributes = {
					2236A03D2808349000F54EFD = {
						CreatedOnToolsVersion = 13.3;
					};
				};
			};
			buildConfigurationList = 2236A0392808349000F54EFD /* Build configuration list for PBXProject "HW2.7.1" */;
			compatibilityVersion = "Xcode 13.0";
			developmentRegion = en;
			hasScannedForEncodings = 0;
			knownRegions = (
				en,
				Base,
			);
			mainGroup = 2236A0352808349000F54EFD;
			productRefGroup = 2236A03F2808349000F54EFD /* Products */;
			projectDirPath = "";
			projectRoot = "";
			targets = (
				2236A03D2808349000F54EFD /* HW2.7.1 */,
			);
		};
/* End PBXProject section */

/* Begin PBXResourcesBuildPhase section */
		2236A03C2808349000F54EFD /* Resources */ = {
			isa = PBXResourcesBuildPhase;
			buildActionMask = 2147483647;
			files = (
				2236A04E2808349200F54EFD /* LaunchScreen.storyboard in Resources */,
				2236A04B2808349200F54EFD /* Assets.xcassets in Resources */,
				2236A0492808349000F54EFD /* Main.storyboard in Resources */,
			);
			runOnlyForDeploymentPostprocessing = 0;
		};
/* End PBXResourcesBuildPhase section */

/* Begin PBXSourcesBuildPhase section */
		2236A03A2808349000F54EFD /* Sources */ = {
			isa = PBXSourcesBuildPhase;
			buildActionMask = 2147483647;
			files = (
				2236A05B280837B300F54EFD /* Person.swift in Sources */,
				2236A0422808349000F54EFD /* AppDelegate.swift in Sources */,
				2236A063280840A800F54EFD /* ListOfPersonsBarController.swift in Sources */,
				2236A0442808349000F54EFD /* SceneDelegate.swift in Sources */,
				2236A05D280838D600F54EFD /* PersonsListTableViewController.swift in Sources */,
				2236A06128083BEA00F54EFD /* DataManager.swift in Sources */,
				2236A0652808606800F54EFD /* PersonsListSecondTableViewController.swift in Sources */,
				2236A05F2808390C00F54EFD /* DetailsViewController.swift in Sources */,
			);
			runOnlyForDeploymentPostprocessing = 0;
		};
/* End PBXSourcesBuildPhase section */

/* Begin PBXVariantGroup section */
		2236A0472808349000F54EFD /* Main.storyboard */ = {
			isa = PBXVariantGroup;
			children = (
				2236A0482808349000F54EFD /* Base */,
			);
			name = Main.storyboard;
			sourceTree = "<group>";
		};
		2236A04C2808349200F54EFD /* LaunchScreen.storyboard */ = {
			isa = PBXVariantGroup;
			children = (
				2236A04D2808349200F54EFD /* Base */,
			);
			name = LaunchScreen.storyboard;
			sourceTree = "<group>";
		};
/* End PBXVariantGroup section */

/* Begin XCBuildConfiguration section */
		2236A0502808349200F54EFD /* Debug */ = {
			isa = XCBuildConfiguration;
			buildSettings = {
				ALWAYS_SEARCH_USER_PATHS = NO;
				CLANG_ANALYZER_NONNULL = YES;
				CLANG_ANALYZER_NUMBER_OBJECT_CONVERSION = YES_AGGRESSIVE;
				CLANG_CXX_LANGUAGE_STANDARD = "gnu++17";
				CLANG_ENABLE_MODULES = YES;
				CLANG_ENABLE_OBJC_ARC = YES;
				CLANG_ENABLE_OBJC_WEAK = YES;
				CLANG_WARN_BLOCK_CAPTURE_AUTORELEASING = YES;
				CLANG_WARN_BOOL_CONVERSION = YES;
				CLANG_WARN_COMMA = YES;
				CLANG_WARN_CONSTANT_CONVERSION = YES;
				CLANG_WARN_DEPRECATED_OBJC_IMPLEMENTATIONS = YES;
				CLANG_WARN_DIRECT_OBJC_ISA_USAGE = YES_ERROR;
				CLANG_WARN_DOCUMENTATION_COMMENTS = YES;
				CLANG_WARN_EMPTY_BODY = YES;
				CLANG_WARN_ENUM_CONVERSION = YES;
				CLANG_WARN_INFINITE_RECURSION = YES;
				CLANG_WARN_INT_CONVERSION = YES;
				CLANG_WARN_NON_LITERAL_NULL_CONVERSION = YES;
				CLANG_WARN_OBJC_IMPLICIT_RETAIN_SELF = YES;
				CLANG_WARN_OBJC_LITERAL_CONVERSION = YES;
				CLANG_WARN_OBJC_ROOT_CLASS = YES_ERROR;
				CLANG_WARN_QUOTED_INCLUDE_IN_FRAMEWORK_HEADER = YES;
				CLANG_WARN_RANGE_LOOP_ANALYSIS = YES;
				CLANG_WARN_STRICT_PROTOTYPES = YES;
				CLANG_WARN_SUSPICIOUS_MOVE = YES;
				CLANG_WARN_UNGUARDED_AVAILABILITY = YES_AGGRESSIVE;
				CLANG_WARN_UNREACHABLE_CODE = YES;
				CLANG_WARN__DUPLICATE_METHOD_MATCH = YES;
				COPY_PHASE_STRIP = NO;
				DEBUG_INFORMATION_FORMAT = dwarf;
				ENABLE_STRICT_OBJC_MSGSEND = YES;
				ENABLE_TESTABILITY = YES;
				GCC_C_LANGUAGE_STANDARD = gnu11;
				GCC_DYNAMIC_NO_PIC = NO;
				GCC_NO_COMMON_BLOCKS = YES;
				GCC_OPTIMIZATION_LEVEL = 0;
				GCC_PREPROCESSOR_DEFINITIONS = (
					"DEBUG=1",
					"$(inherited)",
				);
				GCC_WARN_64_TO_32_BIT_CONVERSION = YES;
				GCC_WARN_ABOUT_RETURN_TYPE = YES_ERROR;
				GCC_WARN_UNDECLARED_SELECTOR = YES;
				GCC_WARN_UNINITIALIZED_AUTOS = YES_AGGRESSIVE;
				GCC_WARN_UNUSED_FUNCTION = YES;
				GCC_WARN_UNUSED_VARIABLE = YES;
				IPHONEOS_DEPLOYMENT_TARGET = 15.4;
				MTL_ENABLE_DEBUG_INFO = INCLUDE_SOURCE;
				MTL_FAST_MATH = YES;
				ONLY_ACTIVE_ARCH = YES;
				SDKROOT = iphoneos;
				SWIFT_ACTIVE_COMPILATION_CONDITIONS = DEBUG;
				SWIFT_OPTIMIZATION_LEVEL = "-Onone";
			};
			name = Debug;
		};
		2236A0512808349200F54EFD /* Release */ = {
			isa = XCBuildConfiguration;
			buildSettings = {
				ALWAYS_SEARCH_USER_PATHS = NO;
				CLANG_ANALYZER_NONNULL = YES;
				CLANG_ANALYZER_NUMBER_OBJECT_CONVERSION = YES_AGGRESSIVE;
				CLANG_CXX_LANGUAGE_STANDARD = "gnu++17";
				CLANG_ENABLE_MODULES = YES;
				CLANG_ENABLE_OBJC_ARC = YES;
				CLANG_ENABLE_OBJC_WEAK = YES;
				CLANG_WARN_BLOCK_CAPTURE_AUTORELEASING = YES;
				CLANG_WARN_BOOL_CONVERSION = YES;
				CLANG_WARN_COMMA = YES;
				CLANG_WARN_CONSTANT_CONVERSION = YES;
				CLANG_WARN_DEPRECATED_OBJC_IMPLEMENTATIONS = YES;
				CLANG_WARN_DIRECT_OBJC_ISA_USAGE = YES_ERROR;
				CLANG_WARN_DOCUMENTATION_COMMENTS = YES;
				CLANG_WARN_EMPTY_BODY = YES;
				CLANG_WARN_ENUM_CONVERSION = YES;
				CLANG_WARN_INFINITE_RECURSION = YES;
				CLANG_WARN_INT_CONVERSION = YES;
				CLANG_WARN_NON_LITERAL_NULL_CONVERSION = YES;
				CLANG_WARN_OBJC_IMPLICIT_RETAIN_SELF = YES;
				CLANG_WARN_OBJC_LITERAL_CONVERSION = YES;
				CLANG_WARN_OBJC_ROOT_CLASS = YES_ERROR;
				CLANG_WARN_QUOTED_INCLUDE_IN_FRAMEWORK_HEADER = YES;
				CLANG_WARN_RANGE_LOOP_ANALYSIS = YES;
				CLANG_WARN_STRICT_PROTOTYPES = YES;
				CLANG_WARN_SUSPICIOUS_MOVE = YES;
				CLANG_WARN_UNGUARDED_AVAILABILITY = YES_AGGRESSIVE;
				CLANG_WARN_UNREACHABLE_CODE = YES;
				CLANG_WARN__DUPLICATE_METHOD_MATCH = YES;
				COPY_PHASE_STRIP = NO;
				DEBUG_INFORMATION_FORMAT = "dwarf-with-dsym";
				ENABLE_NS_ASSERTIONS = NO;
				ENABLE_STRICT_OBJC_MSGSEND = YES;
				GCC_C_LANGUAGE_STANDARD = gnu11;
				GCC_NO_COMMON_BLOCKS = YES;
				GCC_WARN_64_TO_32_BIT_CONVERSION = YES;
				GCC_WARN_ABOUT_RETURN_TYPE = YES_ERROR;
				GCC_WARN_UNDECLARED_SELECTOR = YES;
				GCC_WARN_UNINITIALIZED_AUTOS = YES_AGGRESSIVE;
				GCC_WARN_UNUSED_FUNCTION = YES;
				GCC_WARN_UNUSED_VARIABLE = YES;
				IPHONEOS_DEPLOYMENT_TARGET = 15.4;
				MTL_ENABLE_DEBUG_INFO = NO;
				MTL_FAST_MATH = YES;
				SDKROOT = iphoneos;
				SWIFT_COMPILATION_MODE = wholemodule;
				SWIFT_OPTIMIZATION_LEVEL = "-O";
				VALIDATE_PRODUCT = YES;
			};
			name = Release;
		};
		2236A0532808349200F54EFD /* Debug */ = {
			isa = XCBuildConfiguration;
			buildSettings = {
				ASSETCATALOG_COMPILER_APPICON_NAME = AppIcon;
				ASSETCATALOG_COMPILER_GLOBAL_ACCENT_COLOR_NAME = AccentColor;
				CODE_SIGN_STYLE = Automatic;
				CURRENT_PROJECT_VERSION = 1;
				DEVELOPMENT_TEAM = G376QDA776;
				GENERATE_INFOPLIST_FILE = YES;
				INFOPLIST_FILE = HW2.7.1/Support/Info.plist;
				INFOPLIST_KEY_UIApplicationSupportsIndirectInputEvents = YES;
				INFOPLIST_KEY_UILaunchStoryboardName = LaunchScreen;
				INFOPLIST_KEY_UIMainStoryboardFile = Main;
				INFOPLIST_KEY_UISupportedInterfaceOrientations = UIInterfaceOrientationPortrait;
				INFOPLIST_KEY_UISupportedInterfaceOrientations_iPad = "UIInterfaceOrientationPortrait UIInterfaceOrientationPortraitUpsideDown UIInterfaceOrientationLandscapeLeft UIInterfaceOrientationLandscapeRight";
				INFOPLIST_KEY_UISupportedInterfaceOrientations_iPhone = "UIInterfaceOrientationPortrait UIInterfaceOrientationLandscapeLeft UIInterfaceOrientationLandscapeRight";
				LD_RUNPATH_SEARCH_PATHS = (
					"$(inherited)",
					"@executable_path/Frameworks",
				);
				MARKETING_VERSION = 1.0;
				PRODUCT_BUNDLE_IDENTIFIER = "com.shabernevalexandr.HW2-7-1";
				PRODUCT_NAME = "$(TARGET_NAME)";
				SWIFT_EMIT_LOC_STRINGS = YES;
				SWIFT_VERSION = 5.0;
				TARGETED_DEVICE_FAMILY = 1;
			};
			name = Debug;
		};
		2236A0542808349200F54EFD /* Release */ = {
			isa = XCBuildConfiguration;
			buildSettings = {
				ASSETCATALOG_COMPILER_APPICON_NAME = AppIcon;
				ASSETCATALOG_COMPILER_GLOBAL_ACCENT_COLOR_NAME = AccentColor;
				CODE_SIGN_STYLE = Automatic;
				CURRENT_PROJECT_VERSION = 1;
				DEVELOPMENT_TEAM = G376QDA776;
				GENERATE_INFOPLIST_FILE = YES;
				INFOPLIST_FILE = HW2.7.1/Support/Info.plist;
				INFOPLIST_KEY_UIApplicationSupportsIndirectInputEvents = YES;
				INFOPLIST_KEY_UILaunchStoryboardName = LaunchScreen;
				INFOPLIST_KEY_UIMainStoryboardFile = Main;
				INFOPLIST_KEY_UISupportedInterfaceOrientations = UIInterfaceOrientationPortrait;
				INFOPLIST_KEY_UISupportedInterfaceOrientations_iPad = "UIInterfaceOrientationPortrait UIInterfaceOrientationPortraitUpsideDown UIInterfaceOrientationLandscapeLeft UIInterfaceOrientationLandscapeRight";
				INFOPLIST_KEY_UISupportedInterfaceOrientations_iPhone = "UIInterfaceOrientationPortrait UIInterfaceOrientationLandscapeLeft UIInterfaceOrientationLandscapeRight";
				LD_RUNPATH_SEARCH_PATHS = (
					"$(inherited)",
					"@executable_path/Frameworks",
				);
				MARKETING_VERSION = 1.0;
				PRODUCT_BUNDLE_IDENTIFIER = "com.shabernevalexandr.HW2-7-1";
				PRODUCT_NAME = "$(TARGET_NAME)";
				SWIFT_EMIT_LOC_STRINGS = YES;
				SWIFT_VERSION = 5.0;
				TARGETED_DEVICE_FAMILY = 1;
			};
			name = Release;
		};
/* End XCBuildConfiguration section */

/* Begin XCConfigurationList section */
		2236A0392808349000F54EFD /* Build configuration list for PBXProject "HW2.7.1" */ = {
			isa = XCConfigurationList;
			buildConfigurations = (
				2236A0502808349200F54EFD /* Debug */,
				2236A0512808349200F54EFD /* Release */,
			);
			defaultConfigurationIsVisible = 0;
			defaultConfigurationName = Release;
		};
		2236A0522808349200F54EFD /* Build configuration list for PBXNativeTarget "HW2.7.1" */ = {
			isa = XCConfigurationList;
			buildConfigurations = (
				2236A0532808349200F54EFD /* Debug */,
				2236A0542808349200F54EFD /* Release */,
			);
			defaultConfigurationIsVisible = 0;
			defaultConfigurationName = Release;
		};
/* End XCConfigurationList section */
	};
	rootObject = 2236A0362808349000F54EFD /* Project object */;
}
